
Microsoft Visual Studio Solution File, Format Version 12.00
# Visual Studio 15
VisualStudioVersion = 15.0.28307.136
MinimumVisualStudioVersion = 10.0.40219.1
Project("{9A19103F-16F7-4668-BE54-9A1E7A4F7556}") = "ClientManager.Web", "ClientManager.Web\ClientManager.Web.csproj", "{81357CBF-90C3-46D9-B7D5-B7D01938BC1B}"
EndProject
Project("{9A19103F-16F7-4668-BE54-9A1E7A4F7556}") = "ClientManager.Data", "ClientManager.Data\ClientManager.Data.csproj", "{FCD29C58-FF7A-455E-B9CC-EF491111AF29}"
EndProject
Project("{9A19103F-16F7-4668-BE54-9A1E7A4F7556}") = "ClientManager.Domain", "ClientManager.Domain\ClientManager.Domain.csproj", "{6E28E448-CB7C-4BD8-BAB6-0341D24AC2BB}"
EndProject
Project("{FAE04EC0-301F-11D3-BF4B-00C04F79EFBC}") = "ClientManager.xUnitTests", "ClientManager.xUnitTests\ClientManager.xUnitTests.csproj", "{789AA689-FE63-4EEA-8DAC-150C6BF9ED80}"
EndProject
Global
	GlobalSection(SolutionConfigurationPlatforms) = preSolution
		Debug|Any CPU = Debug|Any CPU
		Release|Any CPU = Release|Any CPU
	EndGlobalSection
	GlobalSection(ProjectConfigurationPlatforms) = postSolution
		{81357CBF-90C3-46D9-B7D5-B7D01938BC1B}.Debug|Any CPU.ActiveCfg = Debug|Any CPU
		{81357CBF-90C3-46D9-B7D5-B7D01938BC1B}.Debug|Any CPU.Build.0 = Debug|Any CPU
		{81357CBF-90C3-46D9-B7D5-B7D01938BC1B}.Release|Any CPU.ActiveCfg = Release|Any CPU
		{81357CBF-90C3-46D9-B7D5-B7D01938BC1B}.Release|Any CPU.Build.0 = Release|Any CPU
		{FCD29C58-FF7A-455E-B9CC-EF491111AF29}.Debug|Any CPU.ActiveCfg = Debug|Any CPU
		{FCD29C58-FF7A-455E-B9CC-EF491111AF29}.Debug|Any CPU.Build.0 = Debug|Any CPU
		{FCD29C58-FF7A-455E-B9CC-EF491111AF29}.Release|Any CPU.ActiveCfg = Release|Any CPU
		{FCD29C58-FF7A-455E-B9CC-EF491111AF29}.Release|Any CPU.Build.0 = Release|Any CPU
		{6E28E448-CB7C-4BD8-BAB6-0341D24AC2BB}.Debug|Any CPU.ActiveCfg = Debug|Any CPU
		{6E28E448-CB7C-4BD8-BAB6-0341D24AC2BB}.Debug|Any CPU.Build.0 = Debug|Any CPU
		{6E28E448-CB7C-4BD8-BAB6-0341D24AC2BB}.Release|Any CPU.ActiveCfg = Release|Any CPU
		{6E28E448-CB7C-4BD8-BAB6-0341D24AC2BB}.Release|Any CPU.Build.0 = Release|Any CPU
		{789AA689-FE63-4EEA-8DAC-150C6BF9ED80}.Debug|Any CPU.ActiveCfg = Debug|Any CPU
		{789AA689-FE63-4EEA-8DAC-150C6BF9ED80}.Debug|Any CPU.Build.0 = Debug|Any CPU
		{789AA689-FE63-4EEA-8DAC-150C6BF9ED80}.Release|Any CPU.ActiveCfg = Release|Any CPU
		{789AA689-FE63-4EEA-8DAC-150C6BF9ED80}.Release|Any CPU.Build.0 = Release|Any CPU
	EndGlobalSection
	GlobalSection(SolutionProperties) = preSolution
		HideSolutionNode = FALSE
	EndGlobalSection
	GlobalSection(ExtensibilityGlobals) = postSolution
		SolutionGuid = {4C20A375-FF80-474A-8394-88C2EA7272DE}
	EndGlobalSection
EndGlobal
